
Microsoft Visual Studio Solution File, Format Version 12.00
# Visual Studio Version 17
VisualStudioVersion = 17.10.35004.147
MinimumVisualStudioVersion = 10.0.40219.1
Project("{FAE04EC0-301F-11D3-BF4B-00C04F79EFBC}") = "WinForms", "WinForms\WinForms.csproj", "{AC3FB456-C20F-456F-AD22-AD85C00C0E9E}"
EndProject
Global
	GlobalSection(SolutionConfigurationPlatforms) = preSolution
		Debug|Any CPU = Debug|Any CPU
		Release|Any CPU = Release|Any CPU
	EndGlobalSection
	GlobalSection(ProjectConfigurationPlatforms) = postSolution
		{AC3FB456-C20F-456F-AD22-AD85C00C0E9E}.Debug|Any CPU.ActiveCfg = Debug|Any CPU
		{AC3FB456-C20F-456F-AD22-AD85C00C0E9E}.Debug|Any CPU.Build.0 = Debug|Any CPU
		{AC3FB456-C20F-456F-AD22-AD85C00C0E9E}.Release|Any CPU.ActiveCfg = Release|Any CPU
		{AC3FB456-C20F-456F-AD22-AD85C00C0E9E}.Release|Any CPU.Build.0 = Release|Any CPU
	EndGlobalSection
	GlobalSection(SolutionProperties) = preSolution
		HideSolutionNode = FALSE
	EndGlobalSection
	GlobalSection(ExtensibilityGlobals) = postSolution
		SolutionGuid = {1CCA6F58-DE8A-438A-8AAA-94E374CE107B}
	EndGlobalSection
EndGlobal
